
Microsoft Visual Studio Solution File, Format Version 12.00
# Visual Studio Version 17
VisualStudioVersion = 17.10.35013.160
MinimumVisualStudioVersion = 10.0.40219.1
Project("{FAE04EC0-301F-11D3-BF4B-00C04F79EFBC}") = "nLab9-Smirnov", "nLab9-Smirnov\nLab9-Smirnov.csproj", "{483F7CD3-F5A0-4C97-995C-832D3730BFD2}"
EndProject
Global
	GlobalSection(SolutionConfigurationPlatforms) = preSolution
		Debug|Any CPU = Debug|Any CPU
		Release|Any CPU = Release|Any CPU
	EndGlobalSection
	GlobalSection(ProjectConfigurationPlatforms) = postSolution
		{483F7CD3-F5A0-4C97-995C-832D3730BFD2}.Debug|Any CPU.ActiveCfg = Debug|Any CPU
		{483F7CD3-F5A0-4C97-995C-832D3730BFD2}.Debug|Any CPU.Build.0 = Debug|Any CPU
		{483F7CD3-F5A0-4C97-995C-832D3730BFD2}.Release|Any CPU.ActiveCfg = Release|Any CPU
		{483F7CD3-F5A0-4C97-995C-832D3730BFD2}.Release|Any CPU.Build.0 = Release|Any CPU
	EndGlobalSection
	GlobalSection(SolutionProperties) = preSolution
		HideSolutionNode = FALSE
	EndGlobalSection
	GlobalSection(ExtensibilityGlobals) = postSolution
		SolutionGuid = {0E84E3AE-50E7-4820-BD17-09F5598E669A}
	EndGlobalSection
EndGlobal
